// !$*UTF8*$!
{
	archiveVersion = 1;
	classes = {
	};
	objectVersion = 46;
	objects = {

/* Begin PBXBuildFile section */
		1F2722901A7822B7002DD99D /* Horse.m in Sources */ = {isa = PBXBuildFile; fileRef = 1F27228F1A7822B7002DD99D /* Horse.m */; };
		1F2722931A7822FE002DD99D /* Kangaroo.m in Sources */ = {isa = PBXBuildFile; fileRef = 1F2722921A7822FE002DD99D /* Kangaroo.m */; };
		1F2722961A78254D002DD99D /* Fish.m in Sources */ = {isa = PBXBuildFile; fileRef = 1F2722951A78254D002DD99D /* Fish.m */; };
		1F2722991A7829FE002DD99D /* Sportsman.m in Sources */ = {isa = PBXBuildFile; fileRef = 1F2722981A7829FE002DD99D /* Sportsman.m */; };
		1F27229C1A782A6F002DD99D /* PostMan.m in Sources */ = {isa = PBXBuildFile; fileRef = 1F27229B1A782A6F002DD99D /* PostMan.m */; };
		1F3140831A75A1ED00F1F0E8 /* main.m in Sources */ = {isa = PBXBuildFile; fileRef = 1F3140821A75A1ED00F1F0E8 /* main.m */; };
		1F3140861A75A1ED00F1F0E8 /* AppDelegate.m in Sources */ = {isa = PBXBuildFile; fileRef = 1F3140851A75A1ED00F1F0E8 /* AppDelegate.m */; };
		1F3140891A75A1ED00F1F0E8 /* ViewController.m in Sources */ = {isa = PBXBuildFile; fileRef = 1F3140881A75A1ED00F1F0E8 /* ViewController.m */; };
		1F31408C1A75A1ED00F1F0E8 /* Main.storyboard in Resources */ = {isa = PBXBuildFile; fileRef = 1F31408A1A75A1ED00F1F0E8 /* Main.storyboard */; };
		1F31408E1A75A1ED00F1F0E8 /* Images.xcassets in Resources */ = {isa = PBXBuildFile; fileRef = 1F31408D1A75A1ED00F1F0E8 /* Images.xcassets */; };
		1F3140911A75A1ED00F1F0E8 /* LaunchScreen.xib in Resources */ = {isa = PBXBuildFile; fileRef = 1F31408F1A75A1ED00F1F0E8 /* LaunchScreen.xib */; };
		1F31409D1A75A1ED00F1F0E8 /* homeworkTests.m in Sources */ = {isa = PBXBuildFile; fileRef = 1F31409C1A75A1ED00F1F0E8 /* homeworkTests.m */; };
/* End PBXBuildFile section */

/* Begin PBXContainerItemProxy section */
		1F3140971A75A1ED00F1F0E8 /* PBXContainerItemProxy */ = {
			isa = PBXContainerItemProxy;
			containerPortal = 1F3140751A75A1ED00F1F0E8 /* Project object */;
			proxyType = 1;
			remoteGlobalIDString = 1F31407C1A75A1ED00F1F0E8;
			remoteInfo = homework;
		};
/* End PBXContainerItemProxy section */

/* Begin PBXFileReference section */
		1F27228E1A7822B7002DD99D /* Horse.h */ = {isa = PBXFileReference; fileEncoding = 4; lastKnownFileType = sourcecode.c.h; name = Horse.h; path = ../Horse.h; sourceTree = "<group>"; };
		1F27228F1A7822B7002DD99D /* Horse.m */ = {isa = PBXFileReference; fileEncoding = 4; lastKnownFileType = sourcecode.c.objc; name = Horse.m; path = ../Horse.m; sourceTree = "<group>"; };
		1F2722911A7822FE002DD99D /* Kangaroo.h */ = {isa = PBXFileReference; fileEncoding = 4; lastKnownFileType = sourcecode.c.h; name = Kangaroo.h; path = ../Kangaroo.h; sourceTree = "<group>"; };
		1F2722921A7822FE002DD99D /* Kangaroo.m */ = {isa = PBXFileReference; fileEncoding = 4; lastKnownFileType = sourcecode.c.objc; name = Kangaroo.m; path = ../Kangaroo.m; sourceTree = "<group>"; };
		1F2722941A78254D002DD99D /* Fish.h */ = {isa = PBXFileReference; fileEncoding = 4; lastKnownFileType = sourcecode.c.h; path = Fish.h; sourceTree = SOURCE_ROOT; };
		1F2722951A78254D002DD99D /* Fish.m */ = {isa = PBXFileReference; fileEncoding = 4; lastKnownFileType = sourcecode.c.objc; path = Fish.m; sourceTree = SOURCE_ROOT; };
		1F2722971A7829FE002DD99D /* Sportsman.h */ = {isa = PBXFileReference; fileEncoding = 4; lastKnownFileType = sourcecode.c.h; path = Sportsman.h; sourceTree = "<group>"; };
		1F2722981A7829FE002DD99D /* Sportsman.m */ = {isa = PBXFileReference; fileEncoding = 4; lastKnownFileType = sourcecode.c.objc; path = Sportsman.m; sourceTree = "<group>"; };
		1F27229A1A782A6F002DD99D /* PostMan.h */ = {isa = PBXFileReference; fileEncoding = 4; lastKnownFileType = sourcecode.c.h; path = PostMan.h; sourceTree = "<group>"; };
		1F27229B1A782A6F002DD99D /* PostMan.m */ = {isa = PBXFileReference; fileEncoding = 4; lastKnownFileType = sourcecode.c.objc; path = PostMan.m; sourceTree = "<group>"; };
		1F31407D1A75A1ED00F1F0E8 /* homework.app */ = {isa = PBXFileReference; explicitFileType = wrapper.application; includeInIndex = 0; path = homework.app; sourceTree = BUILT_PRODUCTS_DIR; };
		1F3140811A75A1ED00F1F0E8 /* Info.plist */ = {isa = PBXFileReference; lastKnownFileType = text.plist.xml; path = Info.plist; sourceTree = "<group>"; };
		1F3140821A75A1ED00F1F0E8 /* main.m */ = {isa = PBXFileReference; lastKnownFileType = sourcecode.c.objc; path = main.m; sourceTree = "<group>"; };
		1F3140841A75A1ED00F1F0E8 /* AppDelegate.h */ = {isa = PBXFileReference; lastKnownFileType = sourcecode.c.h; path = AppDelegate.h; sourceTree = "<group>"; };
		1F3140851A75A1ED00F1F0E8 /* AppDelegate.m */ = {isa = PBXFileReference; lastKnownFileType = sourcecode.c.objc; path = AppDelegate.m; sourceTree = "<group>"; };
		1F3140871A75A1ED00F1F0E8 /* ViewController.h */ = {isa = PBXFileReference; lastKnownFileType = sourcecode.c.h; path = ViewController.h; sourceTree = "<group>"; };
		1F3140881A75A1ED00F1F0E8 /* ViewController.m */ = {isa = PBXFileReference; lastKnownFileType = sourcecode.c.objc; path = ViewController.m; sourceTree = "<group>"; };
		1F31408B1A75A1ED00F1F0E8 /* Base */ = {isa = PBXFileReference; lastKnownFileType = file.storyboard; name = Base; path = Base.lproj/Main.storyboard; sourceTree = "<group>"; };
		1F31408D1A75A1ED00F1F0E8 /* Images.xcassets */ = {isa = PBXFileReference; lastKnownFileType = folder.assetcatalog; path = Images.xcassets; sourceTree = "<group>"; };
		1F3140901A75A1ED00F1F0E8 /* Base */ = {isa = PBXFileReference; lastKnownFileType = file.xib; name = Base; path = Base.lproj/LaunchScreen.xib; sourceTree = "<group>"; };
		1F3140961A75A1ED00F1F0E8 /* homeworkTests.xctest */ = {isa = PBXFileReference; explicitFileType = wrapper.cfbundle; includeInIndex = 0; path = homeworkTests.xctest; sourceTree = BUILT_PRODUCTS_DIR; };
		1F31409B1A75A1ED00F1F0E8 /* Info.plist */ = {isa = PBXFileReference; lastKnownFileType = text.plist.xml; path = Info.plist; sourceTree = "<group>"; };
		1F31409C1A75A1ED00F1F0E8 /* homeworkTests.m */ = {isa = PBXFileReference; lastKnownFileType = sourcecode.c.objc; path = homeworkTests.m; sourceTree = "<group>"; };
		1F3140A61A75A22600F1F0E8 /* Jumpers.h */ = {isa = PBXFileReference; fileEncoding = 4; lastKnownFileType = sourcecode.c.h; path = Jumpers.h; sourceTree = "<group>"; };
		1F3140A71A75A23700F1F0E8 /* Swimmers.h */ = {isa = PBXFileReference; fileEncoding = 4; lastKnownFileType = sourcecode.c.h; path = Swimmers.h; sourceTree = "<group>"; };
		1F3140A81A75A24700F1F0E8 /* Runners.h */ = {isa = PBXFileReference; fileEncoding = 4; lastKnownFileType = sourcecode.c.h; path = Runners.h; sourceTree = "<group>"; };
/* End PBXFileReference section */

/* Begin PBXFrameworksBuildPhase section */
		1F31407A1A75A1ED00F1F0E8 /* Frameworks */ = {
			isa = PBXFrameworksBuildPhase;
			buildActionMask = 2147483647;
			files = (
			);
			runOnlyForDeploymentPostprocessing = 0;
		};
		1F3140931A75A1ED00F1F0E8 /* Frameworks */ = {
			isa = PBXFrameworksBuildPhase;
			buildActionMask = 2147483647;
			files = (
			);
			runOnlyForDeploymentPostprocessing = 0;
		};
/* End PBXFrameworksBuildPhase section */

/* Begin PBXGroup section */
		1F3140741A75A1ED00F1F0E8 = {
			isa = PBXGroup;
			children = (
				1F31407F1A75A1ED00F1F0E8 /* homework */,
				1F3140991A75A1ED00F1F0E8 /* homeworkTests */,
				1F31407E1A75A1ED00F1F0E8 /* Products */,
			);
			sourceTree = "<group>";
		};
		1F31407E1A75A1ED00F1F0E8 /* Products */ = {
			isa = PBXGroup;
			children = (
				1F31407D1A75A1ED00F1F0E8 /* homework.app */,
				1F3140961A75A1ED00F1F0E8 /* homeworkTests.xctest */,
			);
			name = Products;
			sourceTree = "<group>";
		};
		1F31407F1A75A1ED00F1F0E8 /* homework */ = {
			isa = PBXGroup;
			children = (
				1F3140A61A75A22600F1F0E8 /* Jumpers.h */,
				1F3140A71A75A23700F1F0E8 /* Swimmers.h */,
				1F3140A81A75A24700F1F0E8 /* Runners.h */,
				1F2722941A78254D002DD99D /* Fish.h */,
				1F2722951A78254D002DD99D /* Fish.m */,
				1F2722911A7822FE002DD99D /* Kangaroo.h */,
				1F2722921A7822FE002DD99D /* Kangaroo.m */,
				1F27228E1A7822B7002DD99D /* Horse.h */,
				1F27228F1A7822B7002DD99D /* Horse.m */,
				1F2722971A7829FE002DD99D /* Sportsman.h */,
				1F2722981A7829FE002DD99D /* Sportsman.m */,
				1F27229A1A782A6F002DD99D /* PostMan.h */,
				1F27229B1A782A6F002DD99D /* PostMan.m */,
				1F3140841A75A1ED00F1F0E8 /* AppDelegate.h */,
				1F3140851A75A1ED00F1F0E8 /* AppDelegate.m */,
				1F3140871A75A1ED00F1F0E8 /* ViewController.h */,
				1F3140881A75A1ED00F1F0E8 /* ViewController.m */,
				1F31408A1A75A1ED00F1F0E8 /* Main.storyboard */,
				1F31408D1A75A1ED00F1F0E8 /* Images.xcassets */,
				1F31408F1A75A1ED00F1F0E8 /* LaunchScreen.xib */,
				1F3140801A75A1ED00F1F0E8 /* Supporting Files */,
			);
			path = homework;
			sourceTree = "<group>";
		};
		1F3140801A75A1ED00F1F0E8 /* Supporting Files */ = {
			isa = PBXGroup;
			children = (
				1F3140811A75A1ED00F1F0E8 /* Info.plist */,
				1F3140821A75A1ED00F1F0E8 /* main.m */,
			);
			name = "Supporting Files";
			sourceTree = "<group>";
		};
		1F3140991A75A1ED00F1F0E8 /* homeworkTests */ = {
			isa = PBXGroup;
			children = (
				1F31409C1A75A1ED00F1F0E8 /* homeworkTests.m */,
				1F31409A1A75A1ED00F1F0E8 /* Supporting Files */,
			);
			path = homeworkTests;
			sourceTree = "<group>";
		};
		1F31409A1A75A1ED00F1F0E8 /* Supporting Files */ = {
			isa = PBXGroup;
			children = (
				1F31409B1A75A1ED00F1F0E8 /* Info.plist */,
			);
			name = "Supporting Files";
			sourceTree = "<group>";
		};
/* End PBXGroup section */

/* Begin PBXNativeTarget section */
		1F31407C1A75A1ED00F1F0E8 /* homework */ = {
			isa = PBXNativeTarget;
			buildConfigurationList = 1F3140A01A75A1ED00F1F0E8 /* Build configuration list for PBXNativeTarget "homework" */;
			buildPhases = (
				1F3140791A75A1ED00F1F0E8 /* Sources */,
				1F31407A1A75A1ED00F1F0E8 /* Frameworks */,
				1F31407B1A75A1ED00F1F0E8 /* Resources */,
			);
			buildRules = (
			);
			dependencies = (
			);
			name = homework;
			productName = homework;
			productReference = 1F31407D1A75A1ED00F1F0E8 /* homework.app */;
			productType = "com.apple.product-type.application";
		};
		1F3140951A75A1ED00F1F0E8 /* homeworkTests */ = {
			isa = PBXNativeTarget;
			buildConfigurationList = 1F3140A31A75A1ED00F1F0E8 /* Build configuration list for PBXNativeTarget "homeworkTests" */;
			buildPhases = (
				1F3140921A75A1ED00F1F0E8 /* Sources */,
				1F3140931A75A1ED00F1F0E8 /* Frameworks */,
				1F3140941A75A1ED00F1F0E8 /* Resources */,
			);
			buildRules = (
			);
			dependencies = (
				1F3140981A75A1ED00F1F0E8 /* PBXTargetDependency */,
			);
			name = homeworkTests;
			productName = homeworkTests;
			productReference = 1F3140961A75A1ED00F1F0E8 /* homeworkTests.xctest */;
			productType = "com.apple.product-type.bundle.unit-test";
		};
/* End PBXNativeTarget section */

/* Begin PBXProject section */
		1F3140751A75A1ED00F1F0E8 /* Project object */ = {
			isa = PBXProject;
			attributes = {
				LastUpgradeCheck = 0610;
				ORGANIZATIONNAME = AlexHome;
				TargetAttributes = {
					1F31407C1A75A1ED00F1F0E8 = {
						CreatedOnToolsVersion = 6.1.1;
					};
					1F3140951A75A1ED00F1F0E8 = {
						CreatedOnToolsVersion = 6.1.1;
						TestTargetID = 1F31407C1A75A1ED00F1F0E8;
					};
				};
			};
			buildConfigurationList = 1F3140781A75A1ED00F1F0E8 /* Build configuration list for PBXProject "homework" */;
			compatibilityVersion = "Xcode 3.2";
			developmentRegion = English;
			hasScannedForEncodings = 0;
			knownRegions = (
				en,
				Base,
			);
			mainGroup = 1F3140741A75A1ED00F1F0E8;
			productRefGroup = 1F31407E1A75A1ED00F1F0E8 /* Products */;
			projectDirPath = "";
			projectRoot = "";
			targets = (
				1F31407C1A75A1ED00F1F0E8 /* homework */,
				1F3140951A75A1ED00F1F0E8 /* homeworkTests */,
			);
		};
/* End PBXProject section */

/* Begin PBXResourcesBuildPhase section */
		1F31407B1A75A1ED00F1F0E8 /* Resources */ = {
			isa = PBXResourcesBuildPhase;
			buildActionMask = 2147483647;
			files = (
				1F31408C1A75A1ED00F1F0E8 /* Main.storyboard in Resources */,
				1F3140911A75A1ED00F1F0E8 /* LaunchScreen.xib in Resources */,
				1F31408E1A75A1ED00F1F0E8 /* Images.xcassets in Resources */,
			);
			runOnlyForDeploymentPostprocessing = 0;
		};
		1F3140941A75A1ED00F1F0E8 /* Resources */ = {
			isa = PBXResourcesBuildPhase;
			buildActionMask = 2147483647;
			files = (
			);
			runOnlyForDeploymentPostprocessing = 0;
		};
/* End PBXResourcesBuildPhase section */

/* Begin PBXSourcesBuildPhase section */
		1F3140791A75A1ED00F1F0E8 /* Sources */ = {
			isa = PBXSourcesBuildPhase;
			buildActionMask = 2147483647;
			files = (
				1F3140891A75A1ED00F1F0E8 /* ViewController.m in Sources */,
				1F3140861A75A1ED00F1F0E8 /* AppDelegate.m in Sources */,
				1F2722991A7829FE002DD99D /* Sportsman.m in Sources */,
				1F2722961A78254D002DD99D /* Fish.m in Sources */,
				1F2722931A7822FE002DD99D /* Kangaroo.m in Sources */,
				1F2722901A7822B7002DD99D /* Horse.m in Sources */,
				1F27229C1A782A6F002DD99D /* PostMan.m in Sources */,
				1F3140831A75A1ED00F1F0E8 /* main.m in Sources */,
			);
			runOnlyForDeploymentPostprocessing = 0;
		};
		1F3140921A75A1ED00F1F0E8 /* Sources */ = {
			isa = PBXSourcesBuildPhase;
			buildActionMask = 2147483647;
			files = (
				1F31409D1A75A1ED00F1F0E8 /* homeworkTests.m in Sources */,
			);
			runOnlyForDeploymentPostprocessing = 0;
		};
/* End PBXSourcesBuildPhase section */

/* Begin PBXTargetDependency section */
		1F3140981A75A1ED00F1F0E8 /* PBXTargetDependency */ = {
			isa = PBXTargetDependency;
			target = 1F31407C1A75A1ED00F1F0E8 /* homework */;
			targetProxy = 1F3140971A75A1ED00F1F0E8 /* PBXContainerItemProxy */;
		};
/* End PBXTargetDependency section */

/* Begin PBXVariantGroup section */
		1F31408A1A75A1ED00F1F0E8 /* Main.storyboard */ = {
			isa = PBXVariantGroup;
			children = (
				1F31408B1A75A1ED00F1F0E8 /* Base */,
			);
			name = Main.storyboard;
			sourceTree = "<group>";
		};
		1F31408F1A75A1ED00F1F0E8 /* LaunchScreen.xib */ = {
			isa = PBXVariantGroup;
			children = (
				1F3140901A75A1ED00F1F0E8 /* Base */,
			);
			name = LaunchScreen.xib;
			sourceTree = "<group>";
		};
/* End PBXVariantGroup section */

/* Begin XCBuildConfiguration section */
		1F31409E1A75A1ED00F1F0E8 /* Debug */ = {
			isa = XCBuildConfiguration;
			buildSettings = {
				ALWAYS_SEARCH_USER_PATHS = NO;
				CLANG_CXX_LANGUAGE_STANDARD = "gnu++0x";
				CLANG_CXX_LIBRARY = "libc++";
				CLANG_ENABLE_MODULES = YES;
				CLANG_ENABLE_OBJC_ARC = YES;
				CLANG_WARN_BOOL_CONVERSION = YES;
				CLANG_WARN_CONSTANT_CONVERSION = YES;
				CLANG_WARN_DIRECT_OBJC_ISA_USAGE = YES_ERROR;
				CLANG_WARN_EMPTY_BODY = YES;
				CLANG_WARN_ENUM_CONVERSION = YES;
				CLANG_WARN_INT_CONVERSION = YES;
				CLANG_WARN_OBJC_ROOT_CLASS = YES_ERROR;
				CLANG_WARN_UNREACHABLE_CODE = YES;
				CLANG_WARN__DUPLICATE_METHOD_MATCH = YES;
				"CODE_SIGN_IDENTITY[sdk=iphoneos*]" = "iPhone Developer";
				COPY_PHASE_STRIP = NO;
				ENABLE_STRICT_OBJC_MSGSEND = YES;
				GCC_C_LANGUAGE_STANDARD = gnu99;
				GCC_DYNAMIC_NO_PIC = NO;
				GCC_OPTIMIZATION_LEVEL = 0;
				GCC_PREPROCESSOR_DEFINITIONS = (
					"DEBUG=1",
					"$(inherited)",
				);
				GCC_SYMBOLS_PRIVATE_EXTERN = NO;
				GCC_WARN_64_TO_32_BIT_CONVERSION = YES;
				GCC_WARN_ABOUT_RETURN_TYPE = YES_ERROR;
				GCC_WARN_UNDECLARED_SELECTOR = YES;
				GCC_WARN_UNINITIALIZED_AUTOS = YES_AGGRESSIVE;
				GCC_WARN_UNUSED_FUNCTION = YES;
				GCC_WARN_UNUSED_VARIABLE = YES;
				IPHONEOS_DEPLOYMENT_TARGET = 8.1;
				MTL_ENABLE_DEBUG_INFO = YES;
				ONLY_ACTIVE_ARCH = YES;
				SDKROOT = iphoneos;
			};
			name = Debug;
		};
		1F31409F1A75A1ED00F1F0E8 /* Release */ = {
			isa = XCBuildConfiguration;
			buildSettings = {
				ALWAYS_SEARCH_USER_PATHS = NO;
				CLANG_CXX_LANGUAGE_STANDARD = "gnu++0x";
				CLANG_CXX_LIBRARY = "libc++";
				CLANG_ENABLE_MODULES = YES;
				CLANG_ENABLE_OBJC_ARC = YES;
				CLANG_WARN_BOOL_CONVERSION = YES;
				CLANG_WARN_CONSTANT_CONVERSION = YES;
				CLANG_WARN_DIRECT_OBJC_ISA_USAGE = YES_ERROR;
				CLANG_WARN_EMPTY_BODY = YES;
				CLANG_WARN_ENUM_CONVERSION = YES;
				CLANG_WARN_INT_CONVERSION = YES;
				CLANG_WARN_OBJC_ROOT_CLASS = YES_ERROR;
				CLANG_WARN_UNREACHABLE_CODE = YES;
				CLANG_WARN__DUPLICATE_METHOD_MATCH = YES;
				"CODE_SIGN_IDENTITY[sdk=iphoneos*]" = "iPhone Developer";
				COPY_PHASE_STRIP = YES;
				ENABLE_NS_ASSERTIONS = NO;
				ENABLE_STRICT_OBJC_MSGSEND = YES;
				GCC_C_LANGUAGE_STANDARD = gnu99;
				GCC_WARN_64_TO_32_BIT_CONVERSION = YES;
				GCC_WARN_ABOUT_RETURN_TYPE = YES_ERROR;
				GCC_WARN_UNDECLARED_SELECTOR = YES;
				GCC_WARN_UNINITIALIZED_AUTOS = YES_AGGRESSIVE;
				GCC_WARN_UNUSED_FUNCTION = YES;
				GCC_WARN_UNUSED_VARIABLE = YES;
				IPHONEOS_DEPLOYMENT_TARGET = 8.1;
				MTL_ENABLE_DEBUG_INFO = NO;
				SDKROOT = iphoneos;
				VALIDATE_PRODUCT = YES;
			};
			name = Release;
		};
		1F3140A11A75A1ED00F1F0E8 /* Debug */ = {
			isa = XCBuildConfiguration;
			buildSettings = {
				ASSETCATALOG_COMPILER_APPICON_NAME = AppIcon;
				INFOPLIST_FILE = homework/Info.plist;
				LD_RUNPATH_SEARCH_PATHS = "$(inherited) @executable_path/Frameworks";
				PRODUCT_NAME = "$(TARGET_NAME)";
			};
			name = Debug;
		};
		1F3140A21A75A1ED00F1F0E8 /* Release */ = {
			isa = XCBuildConfiguration;
			buildSettings = {
				ASSETCATALOG_COMPILER_APPICON_NAME = AppIcon;
				INFOPLIST_FILE = homework/Info.plist;
				LD_RUNPATH_SEARCH_PATHS = "$(inherited) @executable_path/Frameworks";
				PRODUCT_NAME = "$(TARGET_NAME)";
			};
			name = Release;
		};
		1F3140A41A75A1ED00F1F0E8 /* Debug */ = {
			isa = XCBuildConfiguration;
			buildSettings = {
				BUNDLE_LOADER = "$(TEST_HOST)";
				FRAMEWORK_SEARCH_PATHS = (
					"$(SDKROOT)/Developer/Library/Frameworks",
					"$(inherited)",
				);
				GCC_PREPROCESSOR_DEFINITIONS = (
					"DEBUG=1",
					"$(inherited)",
				);
				INFOPLIST_FILE = homeworkTests/Info.plist;
				LD_RUNPATH_SEARCH_PATHS = "$(inherited) @executable_path/Frameworks @loader_path/Frameworks";
				PRODUCT_NAME = "$(TARGET_NAME)";
				TEST_HOST = "$(BUILT_PRODUCTS_DIR)/homework.app/homework";
			};
			name = Debug;
		};
		1F3140A51A75A1ED00F1F0E8 /* Release */ = {
			isa = XCBuildConfiguration;
			buildSettings = {
				BUNDLE_LOADER = "$(TEST_HOST)";
				FRAMEWORK_SEARCH_PATHS = (
					"$(SDKROOT)/Developer/Library/Frameworks",
					"$(inherited)",
				);
				INFOPLIST_FILE = homeworkTests/Info.plist;
				LD_RUNPATH_SEARCH_PATHS = "$(inherited) @executable_path/Frameworks @loader_path/Frameworks";
				PRODUCT_NAME = "$(TARGET_NAME)";
				TEST_HOST = "$(BUILT_PRODUCTS_DIR)/homework.app/homework";
			};
			name = Release;
		};
/* End XCBuildConfiguration section */

/* Begin XCConfigurationList section */
		1F3140781A75A1ED00F1F0E8 /* Build configuration list for PBXProject "homework" */ = {
			isa = XCConfigurationList;
			buildConfigurations = (
				1F31409E1A75A1ED00F1F0E8 /* Debug */,
				1F31409F1A75A1ED00F1F0E8 /* Release */,
			);
			defaultConfigurationIsVisible = 0;
			defaultConfigurationName = Release;
		};
		1F3140A01A75A1ED00F1F0E8 /* Build configuration list for PBXNativeTarget "homework" */ = {
			isa = XCConfigurationList;
			buildConfigurations = (
				1F3140A11A75A1ED00F1F0E8 /* Debug */,
				1F3140A21A75A1ED00F1F0E8 /* Release */,
			);
			defaultConfigurationIsVisible = 0;
			defaultConfigurationName = Release;
		};
		1F3140A31A75A1ED00F1F0E8 /* Build configuration list for PBXNativeTarget "homeworkTests" */ = {
			isa = XCConfigurationList;
			buildConfigurations = (
				1F3140A41A75A1ED00F1F0E8 /* Debug */,
				1F3140A51A75A1ED00F1F0E8 /* Release */,
			);
			defaultConfigurationIsVisible = 0;
			defaultConfigurationName = Release;
		};
/* End XCConfigurationList section */
	};
	rootObject = 1F3140751A75A1ED00F1F0E8 /* Project object */;
}
